
Microsoft Visual Studio Solution File, Format Version 12.00
# Visual Studio Version 16
VisualStudioVersion = 16.0.31702.278
MinimumVisualStudioVersion = 10.0.40219.1
Project("{8BC9CEB8-8B4A-11D0-8D11-00A0C91BC942}") = "ExB", "ExB\ExB.vcxproj", "{6000B50B-F7EF-4521-967A-8074FC0E9DDC}"
EndProject
Global
	GlobalSection(SolutionConfigurationPlatforms) = preSolution
		Debug|x64 = Debug|x64
		Debug|x86 = Debug|x86
		Release|x64 = Release|x64
		Release|x86 = Release|x86
	EndGlobalSection
	GlobalSection(ProjectConfigurationPlatforms) = postSolution
		{6000B50B-F7EF-4521-967A-8074FC0E9DDC}.Debug|x64.ActiveCfg = Debug|x64
		{6000B50B-F7EF-4521-967A-8074FC0E9DDC}.Debug|x64.Build.0 = Debug|x64
		{6000B50B-F7EF-4521-967A-8074FC0E9DDC}.Debug|x86.ActiveCfg = Debug|Win32
		{6000B50B-F7EF-4521-967A-8074FC0E9DDC}.Debug|x86.Build.0 = Debug|Win32
		{6000B50B-F7EF-4521-967A-8074FC0E9DDC}.Release|x64.ActiveCfg = Release|x64
		{6000B50B-F7EF-4521-967A-8074FC0E9DDC}.Release|x64.Build.0 = Release|x64
		{6000B50B-F7EF-4521-967A-8074FC0E9DDC}.Release|x86.ActiveCfg = Release|Win32
		{6000B50B-F7EF-4521-967A-8074FC0E9DDC}.Release|x86.Build.0 = Release|Win32
	EndGlobalSection
	GlobalSection(SolutionProperties) = preSolution
		HideSolutionNode = FALSE
	EndGlobalSection
	GlobalSection(ExtensibilityGlobals) = postSolution
		SolutionGuid = {A74C2934-9AC0-47F0-9FA9-43369A958244}
	EndGlobalSection
EndGlobal
